
Microsoft Visual Studio Solution File, Format Version 12.00
# Visual Studio Version 17
VisualStudioVersion = 17.7.34031.279
MinimumVisualStudioVersion = 10.0.40219.1
Project("{FAE04EC0-301F-11D3-BF4B-00C04F79EFBC}") = "laba 3(2)", "laba 3(2)\laba 3(2).csproj", "{7E0BD83A-C929-42FF-92EA-DC47F51C205F}"
EndProject
Global
	GlobalSection(SolutionConfigurationPlatforms) = preSolution
		Debug|Any CPU = Debug|Any CPU
		Release|Any CPU = Release|Any CPU
	EndGlobalSection
	GlobalSection(ProjectConfigurationPlatforms) = postSolution
		{7E0BD83A-C929-42FF-92EA-DC47F51C205F}.Debug|Any CPU.ActiveCfg = Debug|Any CPU
		{7E0BD83A-C929-42FF-92EA-DC47F51C205F}.Debug|Any CPU.Build.0 = Debug|Any CPU
		{7E0BD83A-C929-42FF-92EA-DC47F51C205F}.Release|Any CPU.ActiveCfg = Release|Any CPU
		{7E0BD83A-C929-42FF-92EA-DC47F51C205F}.Release|Any CPU.Build.0 = Release|Any CPU
	EndGlobalSection
	GlobalSection(SolutionProperties) = preSolution
		HideSolutionNode = FALSE
	EndGlobalSection
	GlobalSection(ExtensibilityGlobals) = postSolution
		SolutionGuid = {608301D9-764B-4364-86E2-8B2A13D06CD8}
	EndGlobalSection
EndGlobal
